// !$*UTF8*$!
{ archiveVersion = 1; classes = {}; objectVersion = 56; objects = {
A746FDDCFA6A23ADC216ACD8 = { isa = PBXFileReference; lastKnownFileType = sourcecode.swift; path = "CloudWatch/App/AudioPlayer.swift"; sourceTree = SOURCE_ROOT; };
D081DCA4FE3754643499082C = { isa = PBXBuildFile; fileRef = A746FDDCFA6A23ADC216ACD8; };
B90EC9E17339D58E430A17DA = { isa = PBXFileReference; lastKnownFileType = sourcecode.swift; path = "CloudWatch/App/CloudWatchApp.swift"; sourceTree = SOURCE_ROOT; };
F350117356DF69C86D61AB4C = { isa = PBXBuildFile; fileRef = B90EC9E17339D58E430A17DA; };
6E722E4E91ADFA928827467E = { isa = PBXFileReference; lastKnownFileType = sourcecode.swift; path = "CloudWatch/App/MusicStore.swift"; sourceTree = SOURCE_ROOT; };
DB7C5A261D8D2F4F1C048917 = { isa = PBXBuildFile; fileRef = 6E722E4E91ADFA928827467E; };
85E2C4A95F648F907FA04F0D = { isa = PBXFileReference; lastKnownFileType = sourcecode.swift; path = "CloudWatch/App/Views.swift"; sourceTree = SOURCE_ROOT; };
8B9D97FD2011A88386A7DEC5 = { isa = PBXBuildFile; fileRef = 85E2C4A95F648F907FA04F0D; };
397B0D7EA6DCE241485D0AB1 = { isa = PBXFileReference; lastKnownFileType = sourcecode.swift; path = "CloudWatch/Core/DesktopAPI.swift"; sourceTree = SOURCE_ROOT; };
BCC0248CFEC342794B2E1C66 = { isa = PBXBuildFile; fileRef = 397B0D7EA6DCE241485D0AB1; };
1D4E5081DD7DA4232659E37C = { isa = PBXFileReference; lastKnownFileType = sourcecode.swift; path = "CloudWatch/Core/EAPITransport.swift"; sourceTree = SOURCE_ROOT; };
2477FD4CA6EA8F8911097A1B = { isa = PBXBuildFile; fileRef = 1D4E5081DD7DA4232659E37C; };
388EF0259658C000288FFE88 = { isa = PBXFileReference; lastKnownFileType = sourcecode.swift; path = "CloudWatch/Core/KeychainStore.swift"; sourceTree = SOURCE_ROOT; };
B2B10A029144B5C65FF49620 = { isa = PBXBuildFile; fileRef = 388EF0259658C000288FFE88; };
3ACA561B75F85050D3A692B1 = { isa = PBXFileReference; lastKnownFileType = sourcecode.swift; path = "CloudWatch/Core/Models.swift"; sourceTree = SOURCE_ROOT; };
2090701420C4CD141AB2E017 = { isa = PBXBuildFile; fileRef = 3ACA561B75F85050D3A692B1; };
12DC7A2FB4BBA927BA52DC5A = { isa = PBXFileReference; lastKnownFileType = sourcecode.swift; path = "CloudWatch/Core/QRCode.swift"; sourceTree = SOURCE_ROOT; };
1FBDBC811E7E2AA0CC394FFF = { isa = PBXBuildFile; fileRef = 12DC7A2FB4BBA927BA52DC5A; };
3685E330EC5277A9DD5661C6 = { isa = PBXFileReference; lastKnownFileType = folder.assetcatalog; path = CloudWatch/Assets.xcassets; sourceTree = SOURCE_ROOT; };
66F17FD47768D90D75A0AC8F = { isa = PBXBuildFile; fileRef = 3685E330EC5277A9DD5661C6; };
38A007151ABE87CC01A5B6E9 = { isa = PBXFileReference; explicitFileType = wrapper.application; path = CloudWatch.app; sourceTree = BUILT_PRODUCTS_DIR; };
FBDC4F23F93125BBEEAE800C = { isa = PBXGroup; name = Products; children = (38A007151ABE87CC01A5B6E9,); sourceTree = "<group>"; };
64292B1C2B2E13EAD8788FC8 = { isa = PBXGroup; children = (A746FDDCFA6A23ADC216ACD8,B90EC9E17339D58E430A17DA,6E722E4E91ADFA928827467E,85E2C4A95F648F907FA04F0D,397B0D7EA6DCE241485D0AB1,1D4E5081DD7DA4232659E37C,388EF0259658C000288FFE88,3ACA561B75F85050D3A692B1,12DC7A2FB4BBA927BA52DC5A,3685E330EC5277A9DD5661C6,FBDC4F23F93125BBEEAE800C,); sourceTree = "<group>"; };
BCE16DD0260827ECF338C787 = { isa = PBXSourcesBuildPhase; buildActionMask = 2147483647; files = (D081DCA4FE3754643499082C,F350117356DF69C86D61AB4C,DB7C5A261D8D2F4F1C048917,8B9D97FD2011A88386A7DEC5,BCC0248CFEC342794B2E1C66,2477FD4CA6EA8F8911097A1B,B2B10A029144B5C65FF49620,2090701420C4CD141AB2E017,1FBDBC811E7E2AA0CC394FFF,); runOnlyForDeploymentPostprocessing = 0; };
0189424A5A60FED329FA868E = { isa = PBXResourcesBuildPhase; buildActionMask = 2147483647; files = (66F17FD47768D90D75A0AC8F,); runOnlyForDeploymentPostprocessing = 0; };
7561BFB015D8F536760CB671 = { isa = PBXFrameworksBuildPhase; buildActionMask = 2147483647; files = (); runOnlyForDeploymentPostprocessing = 0; };
AB52CB08E0FDF02BF6C67C33 = { isa = XCBuildConfiguration; name = Debug; buildSettings = { CLANG_ENABLE_MODULES = YES; SWIFT_VERSION = 5.0; SWIFT_OPTIMIZATION_LEVEL = "-Onone"; DEBUG_INFORMATION_FORMAT = dwarf; SWIFT_ACTIVE_COMPILATION_CONDITIONS = DEBUG; }; };
59E1BEE911F66DA37FEBACDC = { isa = XCBuildConfiguration; name = Debug; buildSettings = {
        PRODUCT_NAME = CloudWatch;
        PRODUCT_BUNDLE_IDENTIFIER = com.guochengqian.cloudwatch;
        SDKROOT = watchos;
        SUPPORTED_PLATFORMS = "watchos watchsimulator";
        WATCHOS_DEPLOYMENT_TARGET = 10.0;
        TARGETED_DEVICE_FAMILY = 4;
        INFOPLIST_FILE = CloudWatch/Info.plist;
        GENERATE_INFOPLIST_FILE = NO;
        CODE_SIGN_STYLE = Automatic;
        DEVELOPMENT_TEAM = "";
        SWIFT_EMIT_LOC_STRINGS = YES;
        ENABLE_PREVIEWS = YES;
        ASSETCATALOG_COMPILER_APPICON_NAME = AppIcon;
        LD_RUNPATH_SEARCH_PATHS = "$(inherited) @executable_path/Frameworks";
    }; };
5283471FF90C511CFE244FFF = { isa = XCBuildConfiguration; name = Release; buildSettings = { CLANG_ENABLE_MODULES = YES; SWIFT_VERSION = 5.0; SWIFT_COMPILATION_MODE = wholemodule; SWIFT_OPTIMIZATION_LEVEL = "-O"; DEBUG_INFORMATION_FORMAT = "dwarf-with-dsym"; }; };
F4C425279CD5DDD18FD6DC6D = { isa = XCBuildConfiguration; name = Release; buildSettings = {
        PRODUCT_NAME = CloudWatch;
        PRODUCT_BUNDLE_IDENTIFIER = com.guochengqian.cloudwatch;
        SDKROOT = watchos;
        SUPPORTED_PLATFORMS = "watchos watchsimulator";
        WATCHOS_DEPLOYMENT_TARGET = 10.0;
        TARGETED_DEVICE_FAMILY = 4;
        INFOPLIST_FILE = CloudWatch/Info.plist;
        GENERATE_INFOPLIST_FILE = NO;
        CODE_SIGN_STYLE = Automatic;
        DEVELOPMENT_TEAM = "";
        SWIFT_EMIT_LOC_STRINGS = YES;
        ENABLE_PREVIEWS = YES;
        ASSETCATALOG_COMPILER_APPICON_NAME = AppIcon;
        LD_RUNPATH_SEARCH_PATHS = "$(inherited) @executable_path/Frameworks";
    }; };
640DC9EFD529235A8D9E2727 = { isa = XCConfigurationList; buildConfigurations = (AB52CB08E0FDF02BF6C67C33,5283471FF90C511CFE244FFF,); defaultConfigurationIsVisible = 0; defaultConfigurationName = Release; };
976B52545947CA66FD9EF2A4 = { isa = XCConfigurationList; buildConfigurations = (59E1BEE911F66DA37FEBACDC,F4C425279CD5DDD18FD6DC6D,); defaultConfigurationIsVisible = 0; defaultConfigurationName = Release; };
0E8A3AD980EC179856012B7E = { isa = PBXNativeTarget; buildConfigurationList = 976B52545947CA66FD9EF2A4; buildPhases = (BCE16DD0260827ECF338C787,7561BFB015D8F536760CB671,0189424A5A60FED329FA868E,); buildRules = (); dependencies = (); name = CloudWatch; productName = CloudWatch; productReference = 38A007151ABE87CC01A5B6E9; productType = "com.apple.product-type.application"; };
98F54143AB4E86B28C3AFEE0 = { isa = PBXProject; attributes = { LastUpgradeCheck = 2650; TargetAttributes = { 0E8A3AD980EC179856012B7E = { CreatedOnToolsVersion = 26.5; }; }; }; buildConfigurationList = 640DC9EFD529235A8D9E2727; compatibilityVersion = "Xcode 14.0"; developmentRegion = "zh-Hans"; hasScannedForEncodings = 0; knownRegions = ("zh-Hans", en, Base,); mainGroup = 64292B1C2B2E13EAD8788FC8; productRefGroup = FBDC4F23F93125BBEEAE800C; projectDirPath = ""; projectRoot = ""; targets = (0E8A3AD980EC179856012B7E,); };
}; rootObject = 98F54143AB4E86B28C3AFEE0; }
